
Microsoft Visual Studio Solution File, Format Version 12.00
# Visual Studio Version 17
VisualStudioVersion = 17.10.35013.160
MinimumVisualStudioVersion = 10.0.40219.1
Project("{FAE04EC0-301F-11D3-BF4B-00C04F79EFBC}") = "oop_1", "oop_1\oop_1.csproj", "{90B203DF-2BA6-4385-90CE-D0EA8608F655}"
EndProject
Project("{FAE04EC0-301F-11D3-BF4B-00C04F79EFBC}") = "assignment", "assignment\assignment.csproj", "{2B62D855-3A17-489F-911C-E95287500618}"
EndProject
Global
	GlobalSection(SolutionConfigurationPlatforms) = preSolution
		Debug|Any CPU = Debug|Any CPU
		Release|Any CPU = Release|Any CPU
	EndGlobalSection
	GlobalSection(ProjectConfigurationPlatforms) = postSolution
		{90B203DF-2BA6-4385-90CE-D0EA8608F655}.Debug|Any CPU.ActiveCfg = Debug|Any CPU
		{90B203DF-2BA6-4385-90CE-D0EA8608F655}.Debug|Any CPU.Build.0 = Debug|Any CPU
		{90B203DF-2BA6-4385-90CE-D0EA8608F655}.Release|Any CPU.ActiveCfg = Release|Any CPU
		{90B203DF-2BA6-4385-90CE-D0EA8608F655}.Release|Any CPU.Build.0 = Release|Any CPU
		{2B62D855-3A17-489F-911C-E95287500618}.Debug|Any CPU.ActiveCfg = Debug|Any CPU
		{2B62D855-3A17-489F-911C-E95287500618}.Debug|Any CPU.Build.0 = Debug|Any CPU
		{2B62D855-3A17-489F-911C-E95287500618}.Release|Any CPU.ActiveCfg = Release|Any CPU
		{2B62D855-3A17-489F-911C-E95287500618}.Release|Any CPU.Build.0 = Release|Any CPU
	EndGlobalSection
	GlobalSection(SolutionProperties) = preSolution
		HideSolutionNode = FALSE
	EndGlobalSection
	GlobalSection(ExtensibilityGlobals) = postSolution
		SolutionGuid = {0B5742B3-DD16-4093-A994-878F1E7CA112}
	EndGlobalSection
EndGlobal
